
Microsoft Visual Studio Solution File, Format Version 12.00
# Visual Studio Version 16
VisualStudioVersion = 16.0.29709.97
MinimumVisualStudioVersion = 10.0.40219.1
Project("{FAE04EC0-301F-11D3-BF4B-00C04F79EFBC}") = "TomasKireilisBot", "TomasKireilisBot\TomasKireilisBot\TomasKireilisBot.csproj", "{40EEB21C-A1AA-46EA-A331-E5EDCCD531E6}"
EndProject
Project("{FAE04EC0-301F-11D3-BF4B-00C04F79EFBC}") = "TomasKireilisBot.Tests", "TomasKireilisBot\TomasKireilisBot.Tests\TomasKireilisBot.Tests.csproj", "{FBBB20B0-84BC-4E1A-A9B2-F13FCFE93DBA}"
EndProject
Global
	GlobalSection(SolutionConfigurationPlatforms) = preSolution
		Debug|Any CPU = Debug|Any CPU
		Release|Any CPU = Release|Any CPU
	EndGlobalSection
	GlobalSection(ProjectConfigurationPlatforms) = postSolution
		{40EEB21C-A1AA-46EA-A331-E5EDCCD531E6}.Debug|Any CPU.ActiveCfg = Debug|Any CPU
		{40EEB21C-A1AA-46EA-A331-E5EDCCD531E6}.Debug|Any CPU.Build.0 = Debug|Any CPU
		{40EEB21C-A1AA-46EA-A331-E5EDCCD531E6}.Release|Any CPU.ActiveCfg = Release|Any CPU
		{40EEB21C-A1AA-46EA-A331-E5EDCCD531E6}.Release|Any CPU.Build.0 = Release|Any CPU
		{FBBB20B0-84BC-4E1A-A9B2-F13FCFE93DBA}.Debug|Any CPU.ActiveCfg = Debug|Any CPU
		{FBBB20B0-84BC-4E1A-A9B2-F13FCFE93DBA}.Debug|Any CPU.Build.0 = Debug|Any CPU
		{FBBB20B0-84BC-4E1A-A9B2-F13FCFE93DBA}.Release|Any CPU.ActiveCfg = Release|Any CPU
		{FBBB20B0-84BC-4E1A-A9B2-F13FCFE93DBA}.Release|Any CPU.Build.0 = Release|Any CPU
	EndGlobalSection
	GlobalSection(SolutionProperties) = preSolution
		HideSolutionNode = FALSE
	EndGlobalSection
	GlobalSection(ExtensibilityGlobals) = postSolution
		SolutionGuid = {A5B4A151-03A5-4009-86BE-04CD8CDB442B}
	EndGlobalSection
EndGlobal
