
Microsoft Visual Studio Solution File, Format Version 12.00
# Visual Studio Version 16
VisualStudioVersion = 16.0.29709.97
MinimumVisualStudioVersion = 10.0.40219.1
Project("{9A19103F-16F7-4668-BE54-9A1E7A4F7556}") = "TomasKireilisBot", "TomasKireilisBot\TomasKireilisBot\TomasKireilisBot.csproj", "{40EEB21C-A1AA-46EA-A331-E5EDCCD531E6}"
EndProject
Project("{9A19103F-16F7-4668-BE54-9A1E7A4F7556}") = "Timer", "Timer\Timer.csproj", "{317C08D4-1A87-4B47-844A-255F2BBDECF1}"
EndProject
Global
	GlobalSection(SolutionConfigurationPlatforms) = preSolution
		Debug|Any CPU = Debug|Any CPU
		Release|Any CPU = Release|Any CPU
	EndGlobalSection
	GlobalSection(ProjectConfigurationPlatforms) = postSolution
		{40EEB21C-A1AA-46EA-A331-E5EDCCD531E6}.Debug|Any CPU.ActiveCfg = Debug|Any CPU
		{40EEB21C-A1AA-46EA-A331-E5EDCCD531E6}.Debug|Any CPU.Build.0 = Debug|Any CPU
		{40EEB21C-A1AA-46EA-A331-E5EDCCD531E6}.Release|Any CPU.ActiveCfg = Release|Any CPU
		{40EEB21C-A1AA-46EA-A331-E5EDCCD531E6}.Release|Any CPU.Build.0 = Release|Any CPU
		{317C08D4-1A87-4B47-844A-255F2BBDECF1}.Debug|Any CPU.ActiveCfg = Debug|Any CPU
		{317C08D4-1A87-4B47-844A-255F2BBDECF1}.Debug|Any CPU.Build.0 = Debug|Any CPU
		{317C08D4-1A87-4B47-844A-255F2BBDECF1}.Release|Any CPU.ActiveCfg = Release|Any CPU
		{317C08D4-1A87-4B47-844A-255F2BBDECF1}.Release|Any CPU.Build.0 = Release|Any CPU
	EndGlobalSection
	GlobalSection(SolutionProperties) = preSolution
		HideSolutionNode = FALSE
	EndGlobalSection
	GlobalSection(ExtensibilityGlobals) = postSolution
		SolutionGuid = {A5B4A151-03A5-4009-86BE-04CD8CDB442B}
	EndGlobalSection
EndGlobal
